
Microsoft Visual Studio Solution File, Format Version 12.00
# Visual Studio 2012
Project("{FAE04EC0-301F-11D3-BF4B-00C04F79EFBC}") = "QUANLY_HSSV", "QUANLY_HSSV\QUANLY_HSSV.csproj", "{7B424743-B340-462A-8C7E-24063F735831}"
EndProject
Global
	GlobalSection(SolutionConfigurationPlatforms) = preSolution
		Debug|Any CPU = Debug|Any CPU
		Release|Any CPU = Release|Any CPU
	EndGlobalSection
	GlobalSection(ProjectConfigurationPlatforms) = postSolution
		{7B424743-B340-462A-8C7E-24063F735831}.Debug|Any CPU.ActiveCfg = Debug|Any CPU
		{7B424743-B340-462A-8C7E-24063F735831}.Debug|Any CPU.Build.0 = Debug|Any CPU
		{7B424743-B340-462A-8C7E-24063F735831}.Release|Any CPU.ActiveCfg = Release|Any CPU
		{7B424743-B340-462A-8C7E-24063F735831}.Release|Any CPU.Build.0 = Release|Any CPU
	EndGlobalSection
	GlobalSection(SolutionProperties) = preSolution
		HideSolutionNode = FALSE
	EndGlobalSection
EndGlobal
